
Microsoft Visual Studio Solution File, Format Version 12.00
Project("{FAE04EC0-301F-11D3-BF4B-00C04F79EFBC}") = "FarmlandDropsWithNutrients", "FarmlandDropsWithNutrients.csproj", "{09634F52-00A7-4E60-9BD6-26F4B6E1EBBC}"
EndProject
Global
	GlobalSection(SolutionConfigurationPlatforms) = preSolution
		Debug|Any CPU = Debug|Any CPU
		Release|Any CPU = Release|Any CPU
	EndGlobalSection
	GlobalSection(ProjectConfigurationPlatforms) = postSolution
		{09634F52-00A7-4E60-9BD6-26F4B6E1EBBC}.Debug|Any CPU.ActiveCfg = Debug|Any CPU
		{09634F52-00A7-4E60-9BD6-26F4B6E1EBBC}.Debug|Any CPU.Build.0 = Debug|Any CPU
		{09634F52-00A7-4E60-9BD6-26F4B6E1EBBC}.Release|Any CPU.ActiveCfg = Release|Any CPU
		{09634F52-00A7-4E60-9BD6-26F4B6E1EBBC}.Release|Any CPU.Build.0 = Release|Any CPU
	EndGlobalSection
EndGlobal
